
Microsoft Visual Studio Solution File, Format Version 12.00
# Visual Studio Version 17
VisualStudioVersion = 17.11.35327.3
MinimumVisualStudioVersion = 10.0.40219.1
Project("{888888A0-9F3D-457C-B088-3A5042F75D52}") = "ncdr", "ncdr.pyproj", "{24FE0CC8-86F0-4447-BAA7-2D00ED9CB95F}"
EndProject
Project("{54A90642-561A-4BB1-A94E-469ADEE60C69}") = "frontend", "frontend\frontend.esproj", "{6500BBBE-EED1-4447-9C32-040CAF9B3088}"
EndProject
Global
	GlobalSection(SolutionConfigurationPlatforms) = preSolution
		Debug|Any CPU = Debug|Any CPU
		Release|Any CPU = Release|Any CPU
	EndGlobalSection
	GlobalSection(ProjectConfigurationPlatforms) = postSolution
		{24FE0CC8-86F0-4447-BAA7-2D00ED9CB95F}.Debug|Any CPU.ActiveCfg = Debug|Any CPU
		{24FE0CC8-86F0-4447-BAA7-2D00ED9CB95F}.Release|Any CPU.ActiveCfg = Release|Any CPU
		{6500BBBE-EED1-4447-9C32-040CAF9B3088}.Debug|Any CPU.ActiveCfg = Debug|Any CPU
		{6500BBBE-EED1-4447-9C32-040CAF9B3088}.Debug|Any CPU.Build.0 = Debug|Any CPU
		{6500BBBE-EED1-4447-9C32-040CAF9B3088}.Debug|Any CPU.Deploy.0 = Debug|Any CPU
		{6500BBBE-EED1-4447-9C32-040CAF9B3088}.Release|Any CPU.ActiveCfg = Release|Any CPU
		{6500BBBE-EED1-4447-9C32-040CAF9B3088}.Release|Any CPU.Build.0 = Release|Any CPU
		{6500BBBE-EED1-4447-9C32-040CAF9B3088}.Release|Any CPU.Deploy.0 = Release|Any CPU
	EndGlobalSection
	GlobalSection(SolutionProperties) = preSolution
		HideSolutionNode = FALSE
	EndGlobalSection
	GlobalSection(ExtensibilityGlobals) = postSolution
		SolutionGuid = {2730769D-EE1F-46B6-ADC8-703EE232EC52}
	EndGlobalSection
EndGlobal
